<Solution>
  <Folder Name="/godot/">
    <Project Path="godot/TermCity.Godot.csproj" />
  </Folder>
  <Folder Name="/src/">
    <Project Path="src/TermCity.Core/TermCity.Core.csproj" />
  </Folder>
  <Folder Name="/tests/">
    <Project Path="tests/TermCity.Tests/TermCity.Tests.csproj" />
  </Folder>
</Solution>
